
Microsoft Visual Studio Solution File, Format Version 11.00
# Visual Studio 2010
Project("{FAE04EC0-301F-11D3-BF4B-00C04F79EFBC}") = "Assembly-CSharp", "Assembly-CSharp.csproj", "{F992629C-D576-5300-AAC2-7C7D7C5AF01C}"
EndProject
Project("{FAE04EC0-301F-11D3-BF4B-00C04F79EFBC}") = "Assembly-CSharp-Editor", "Assembly-CSharp-Editor.csproj", "{D95C3052-6178-17BA-F2CE-1F2649E2B3E2}"
EndProject
Global
	GlobalSection(SolutionConfigurationPlatforms) = preSolution
		Debug|Any CPU = Debug|Any CPU
		Release|Any CPU = Release|Any CPU
	EndGlobalSection
	GlobalSection(ProjectConfigurationPlatforms) = postSolution
		{F992629C-D576-5300-AAC2-7C7D7C5AF01C}.Debug|Any CPU.ActiveCfg = Debug|Any CPU
		{F992629C-D576-5300-AAC2-7C7D7C5AF01C}.Debug|Any CPU.Build.0 = Debug|Any CPU
		{F992629C-D576-5300-AAC2-7C7D7C5AF01C}.Release|Any CPU.ActiveCfg = Release|Any CPU
		{F992629C-D576-5300-AAC2-7C7D7C5AF01C}.Release|Any CPU.Build.0 = Release|Any CPU
		{D95C3052-6178-17BA-F2CE-1F2649E2B3E2}.Debug|Any CPU.ActiveCfg = Debug|Any CPU
		{D95C3052-6178-17BA-F2CE-1F2649E2B3E2}.Debug|Any CPU.Build.0 = Debug|Any CPU
		{D95C3052-6178-17BA-F2CE-1F2649E2B3E2}.Release|Any CPU.ActiveCfg = Release|Any CPU
		{D95C3052-6178-17BA-F2CE-1F2649E2B3E2}.Release|Any CPU.Build.0 = Release|Any CPU
	EndGlobalSection
	GlobalSection(SolutionProperties) = preSolution
		HideSolutionNode = FALSE
	EndGlobalSection
	GlobalSection(MonoDevelopProperties) = preSolution
		StartupItem = Assembly-CSharp.csproj
	EndGlobalSection
EndGlobal
